
Microsoft Visual Studio Solution File, Format Version 12.00
# Visual Studio Version 17
VisualStudioVersion = 17.8.34309.116
MinimumVisualStudioVersion = 10.0.40219.1
Project("{FAE04EC0-301F-11D3-BF4B-00C04F79EFBC}") = "MetodyDEMO", "MetodyDEMO\MetodyDEMO.csproj", "{DC4C92E8-7E37-4E84-8227-E87F5285C2B8}"
EndProject
Project("{FAE04EC0-301F-11D3-BF4B-00C04F79EFBC}") = "GeometrickeObjekty", "MetodyUkol1\GeometrickeObjekty.csproj", "{96B12D1A-3F14-450F-8535-0DE9925E7BE7}"
EndProject
Project("{FAE04EC0-301F-11D3-BF4B-00C04F79EFBC}") = "BMI", "BMI\BMI.csproj", "{0D4C91FE-BB6A-470C-8A06-7C6C61E2B2D7}"
EndProject
Project("{FAE04EC0-301F-11D3-BF4B-00C04F79EFBC}") = "ProjektALG - Metody", "ProjektALG - Metody\ProjektALG - Metody.csproj", "{F2DA10A7-7659-4BC8-BFA2-A7AF1739CAEF}"
EndProject
Global
	GlobalSection(SolutionConfigurationPlatforms) = preSolution
		Debug|Any CPU = Debug|Any CPU
		Release|Any CPU = Release|Any CPU
	EndGlobalSection
	GlobalSection(ProjectConfigurationPlatforms) = postSolution
		{DC4C92E8-7E37-4E84-8227-E87F5285C2B8}.Debug|Any CPU.ActiveCfg = Debug|Any CPU
		{DC4C92E8-7E37-4E84-8227-E87F5285C2B8}.Debug|Any CPU.Build.0 = Debug|Any CPU
		{DC4C92E8-7E37-4E84-8227-E87F5285C2B8}.Release|Any CPU.ActiveCfg = Release|Any CPU
		{DC4C92E8-7E37-4E84-8227-E87F5285C2B8}.Release|Any CPU.Build.0 = Release|Any CPU
		{96B12D1A-3F14-450F-8535-0DE9925E7BE7}.Debug|Any CPU.ActiveCfg = Debug|Any CPU
		{96B12D1A-3F14-450F-8535-0DE9925E7BE7}.Debug|Any CPU.Build.0 = Debug|Any CPU
		{96B12D1A-3F14-450F-8535-0DE9925E7BE7}.Release|Any CPU.ActiveCfg = Release|Any CPU
		{96B12D1A-3F14-450F-8535-0DE9925E7BE7}.Release|Any CPU.Build.0 = Release|Any CPU
		{0D4C91FE-BB6A-470C-8A06-7C6C61E2B2D7}.Debug|Any CPU.ActiveCfg = Debug|Any CPU
		{0D4C91FE-BB6A-470C-8A06-7C6C61E2B2D7}.Debug|Any CPU.Build.0 = Debug|Any CPU
		{0D4C91FE-BB6A-470C-8A06-7C6C61E2B2D7}.Release|Any CPU.ActiveCfg = Release|Any CPU
		{0D4C91FE-BB6A-470C-8A06-7C6C61E2B2D7}.Release|Any CPU.Build.0 = Release|Any CPU
		{F2DA10A7-7659-4BC8-BFA2-A7AF1739CAEF}.Debug|Any CPU.ActiveCfg = Debug|Any CPU
		{F2DA10A7-7659-4BC8-BFA2-A7AF1739CAEF}.Debug|Any CPU.Build.0 = Debug|Any CPU
		{F2DA10A7-7659-4BC8-BFA2-A7AF1739CAEF}.Release|Any CPU.ActiveCfg = Release|Any CPU
		{F2DA10A7-7659-4BC8-BFA2-A7AF1739CAEF}.Release|Any CPU.Build.0 = Release|Any CPU
	EndGlobalSection
	GlobalSection(SolutionProperties) = preSolution
		HideSolutionNode = FALSE
	EndGlobalSection
	GlobalSection(ExtensibilityGlobals) = postSolution
		SolutionGuid = {98B02ED8-741A-4F06-992B-74056ED24B2E}
	EndGlobalSection
EndGlobal
